{
  "originHash" : "a7db8808998c060790a871e06c703b552c6ba31781b413905af0c83fa0a78604",
  "pins" : [
    {
      "identity" : "swiftui-cached-async-image",
      "kind" : "remoteSourceControl",
      "location" : "https://github.com/lorenzofiamingo/swiftui-cached-async-image",
      "state" : {
        "revision" : "467a3d17479887943ab917a379e62bbaff60ac8a",
        "version" : "2.1.1"
      }
    }
  ],
  "version" : 3
}
