{
  "originHash" : "d84e3856bb7f70982a9430d07414ec741af47418ccacd0c9f550e7d2b8eedd2d",
  "pins" : [
    {
      "identity" : "swiftui-cached-async-image",
      "kind" : "remoteSourceControl",
      "location" : "https://github.com/lorenzofiamingo/swiftui-cached-async-image",
      "state" : {
        "revision" : "467a3d17479887943ab917a379e62bbaff60ac8a",
        "version" : "2.1.1"
      }
    }
  ],
  "version" : 3
}
